
Microsoft Visual Studio Solution File, Format Version 12.00
# Visual Studio Version 17
VisualStudioVersion = 17.0.31903.59
MinimumVisualStudioVersion = 10.0.40219.1
Project("{FAE04EC0-301F-11D3-BF4B-00C04F79EFBC}") = "PrimeService", "PrimeService\PrimeService.csproj", "{CA6ED8B1-C3B4-49F3-9D5A-52A473A2A8D5}"
EndProject
Project("{FAE04EC0-301F-11D3-BF4B-00C04F79EFBC}") = "PrimeService.Tests", "PrimeService.Tests\PrimeService.Tests.csproj", "{4E79A51F-2DF2-42B1-A0CC-9F327BF49360}"
EndProject
Global
	GlobalSection(SolutionConfigurationPlatforms) = preSolution
		Debug|Any CPU = Debug|Any CPU
		Release|Any CPU = Release|Any CPU
	EndGlobalSection
	GlobalSection(SolutionProperties) = preSolution
		HideSolutionNode = FALSE
	EndGlobalSection
	GlobalSection(ProjectConfigurationPlatforms) = postSolution
		{CA6ED8B1-C3B4-49F3-9D5A-52A473A2A8D5}.Debug|Any CPU.ActiveCfg = Debug|Any CPU
		{CA6ED8B1-C3B4-49F3-9D5A-52A473A2A8D5}.Debug|Any CPU.Build.0 = Debug|Any CPU
		{CA6ED8B1-C3B4-49F3-9D5A-52A473A2A8D5}.Release|Any CPU.ActiveCfg = Release|Any CPU
		{CA6ED8B1-C3B4-49F3-9D5A-52A473A2A8D5}.Release|Any CPU.Build.0 = Release|Any CPU
		{4E79A51F-2DF2-42B1-A0CC-9F327BF49360}.Debug|Any CPU.ActiveCfg = Debug|Any CPU
		{4E79A51F-2DF2-42B1-A0CC-9F327BF49360}.Debug|Any CPU.Build.0 = Debug|Any CPU
		{4E79A51F-2DF2-42B1-A0CC-9F327BF49360}.Release|Any CPU.ActiveCfg = Release|Any CPU
		{4E79A51F-2DF2-42B1-A0CC-9F327BF49360}.Release|Any CPU.Build.0 = Release|Any CPU
	EndGlobalSection
EndGlobal
